
Microsoft Visual Studio Solution File, Format Version 12.00
# Visual Studio Version 16
VisualStudioVersion = 16.0.31129.286
MinimumVisualStudioVersion = 10.0.40219.1
Project("{FAE04EC0-301F-11D3-BF4B-00C04F79EFBC}") = "WinFormsLab1", "WinFormsLab1\WinFormsLab1.csproj", "{EC85CC79-A863-4836-BA3E-F5023A6A3EDA}"
EndProject
Global
	GlobalSection(SolutionConfigurationPlatforms) = preSolution
		Debug|Any CPU = Debug|Any CPU
		Release|Any CPU = Release|Any CPU
	EndGlobalSection
	GlobalSection(ProjectConfigurationPlatforms) = postSolution
		{EC85CC79-A863-4836-BA3E-F5023A6A3EDA}.Debug|Any CPU.ActiveCfg = Debug|Any CPU
		{EC85CC79-A863-4836-BA3E-F5023A6A3EDA}.Debug|Any CPU.Build.0 = Debug|Any CPU
		{EC85CC79-A863-4836-BA3E-F5023A6A3EDA}.Release|Any CPU.ActiveCfg = Release|Any CPU
		{EC85CC79-A863-4836-BA3E-F5023A6A3EDA}.Release|Any CPU.Build.0 = Release|Any CPU
	EndGlobalSection
	GlobalSection(SolutionProperties) = preSolution
		HideSolutionNode = FALSE
	EndGlobalSection
	GlobalSection(ExtensibilityGlobals) = postSolution
		SolutionGuid = {19953627-D84D-4B20-B177-5EA49DAFD573}
	EndGlobalSection
EndGlobal
